
Microsoft Visual Studio Solution File, Format Version 12.00
# Visual Studio Version 16
VisualStudioVersion = 16.0.31515.178
MinimumVisualStudioVersion = 10.0.40219.1
Project("{FAE04EC0-301F-11D3-BF4B-00C04F79EFBC}") = "sftptest", "sftptest\sftptest.csproj", "{A82F3E9A-D0ED-49A9-9934-17DE09DEBE98}"
EndProject
Global
	GlobalSection(SolutionConfigurationPlatforms) = preSolution
		Debug|Any CPU = Debug|Any CPU
		Release|Any CPU = Release|Any CPU
	EndGlobalSection
	GlobalSection(ProjectConfigurationPlatforms) = postSolution
		{A82F3E9A-D0ED-49A9-9934-17DE09DEBE98}.Debug|Any CPU.ActiveCfg = Debug|Any CPU
		{A82F3E9A-D0ED-49A9-9934-17DE09DEBE98}.Debug|Any CPU.Build.0 = Debug|Any CPU
		{A82F3E9A-D0ED-49A9-9934-17DE09DEBE98}.Release|Any CPU.ActiveCfg = Release|Any CPU
		{A82F3E9A-D0ED-49A9-9934-17DE09DEBE98}.Release|Any CPU.Build.0 = Release|Any CPU
	EndGlobalSection
	GlobalSection(SolutionProperties) = preSolution
		HideSolutionNode = FALSE
	EndGlobalSection
	GlobalSection(ExtensibilityGlobals) = postSolution
		SolutionGuid = {5BABF63F-D509-43B1-A573-D4F81C292430}
	EndGlobalSection
EndGlobal
